
Microsoft Visual Studio Solution File, Format Version 12.00
# Visual Studio 14
VisualStudioVersion = 14.0.25420.1
MinimumVisualStudioVersion = 10.0.40219.1
Project("{FAE04EC0-301F-11D3-BF4B-00C04F79EFBC}") = "Stack.Common", "Stack.Common\Stack.Common.csproj", "{0BE539C1-C5A4-444C-9243-9E232C2DD2C8}"
EndProject
Project("{2150E333-8FDC-42A3-9474-1A3956D46DE8}") = "SolutionItems", "SolutionItems", "{8BB02704-5207-4537-A760-98CFB01BE972}"
	ProjectSection(SolutionItems) = preProject
		GlobalAssemblyInfo.cs = GlobalAssemblyInfo.cs
	EndProjectSection
EndProject
Project("{FAE04EC0-301F-11D3-BF4B-00C04F79EFBC}") = "Stack.CSV", "Stack.CSV\Stack.CSV.csproj", "{9D35A259-3083-49C6-987E-962BF69FD5C6}"
EndProject
Project("{FAE04EC0-301F-11D3-BF4B-00C04F79EFBC}") = "Statck.UnitTest", "Statck.UnitTest\Statck.UnitTest.csproj", "{06711E8B-3BA5-4B50-B6AE-34AD9230AC13}"
EndProject
Global
	GlobalSection(SolutionConfigurationPlatforms) = preSolution
		Debug|Any CPU = Debug|Any CPU
		Release|Any CPU = Release|Any CPU
	EndGlobalSection
	GlobalSection(ProjectConfigurationPlatforms) = postSolution
		{0BE539C1-C5A4-444C-9243-9E232C2DD2C8}.Debug|Any CPU.ActiveCfg = Debug|Any CPU
		{0BE539C1-C5A4-444C-9243-9E232C2DD2C8}.Debug|Any CPU.Build.0 = Debug|Any CPU
		{0BE539C1-C5A4-444C-9243-9E232C2DD2C8}.Release|Any CPU.ActiveCfg = Release|Any CPU
		{0BE539C1-C5A4-444C-9243-9E232C2DD2C8}.Release|Any CPU.Build.0 = Release|Any CPU
		{9D35A259-3083-49C6-987E-962BF69FD5C6}.Debug|Any CPU.ActiveCfg = Debug|Any CPU
		{9D35A259-3083-49C6-987E-962BF69FD5C6}.Debug|Any CPU.Build.0 = Debug|Any CPU
		{9D35A259-3083-49C6-987E-962BF69FD5C6}.Release|Any CPU.ActiveCfg = Release|Any CPU
		{9D35A259-3083-49C6-987E-962BF69FD5C6}.Release|Any CPU.Build.0 = Release|Any CPU
		{06711E8B-3BA5-4B50-B6AE-34AD9230AC13}.Debug|Any CPU.ActiveCfg = Debug|Any CPU
		{06711E8B-3BA5-4B50-B6AE-34AD9230AC13}.Debug|Any CPU.Build.0 = Debug|Any CPU
		{06711E8B-3BA5-4B50-B6AE-34AD9230AC13}.Release|Any CPU.ActiveCfg = Release|Any CPU
		{06711E8B-3BA5-4B50-B6AE-34AD9230AC13}.Release|Any CPU.Build.0 = Release|Any CPU
	EndGlobalSection
	GlobalSection(SolutionProperties) = preSolution
		HideSolutionNode = FALSE
	EndGlobalSection
EndGlobal
